// !$*UTF8*$!
{
	archiveVersion = 1;
	classes = {
	};
	objectVersion = 50;
	objects = {

/* Begin PBXBuildFile section */
		F9D2F55626384D83001D3C17 /* AppDelegate.swift in Sources */ = {isa = PBXBuildFile; fileRef = F9D2F55526384D83001D3C17 /* AppDelegate.swift */; };
		F9D2F55826384D83001D3C17 /* SceneDelegate.swift in Sources */ = {isa = PBXBuildFile; fileRef = F9D2F55726384D83001D3C17 /* SceneDelegate.swift */; };
		F9D2F55A26384D83001D3C17 /* ContentView.swift in Sources */ = {isa = PBXBuildFile; fileRef = F9D2F55926384D83001D3C17 /* ContentView.swift */; };
		F9D2F55C26384D83001D3C17 /* Assets.xcassets in Resources */ = {isa = PBXBuildFile; fileRef = F9D2F55B26384D83001D3C17 /* Assets.xcassets */; };
		F9D2F55F26384D83001D3C17 /* Preview Assets.xcassets in Resources */ = {isa = PBXBuildFile; fileRef = F9D2F55E26384D83001D3C17 /* Preview Assets.xcassets */; };
		F9D2F56226384D83001D3C17 /* LaunchScreen.storyboard in Resources */ = {isa = PBXBuildFile; fileRef = F9D2F56026384D83001D3C17 /* LaunchScreen.storyboard */; };
		F9D2F56D26384D83001D3C17 /* PhotoboothTests.swift in Sources */ = {isa = PBXBuildFile; fileRef = F9D2F56C26384D83001D3C17 /* PhotoboothTests.swift */; };
		F9D2F57826384D83001D3C17 /* PhotoboothUITests.swift in Sources */ = {isa = PBXBuildFile; fileRef = F9D2F57726384D83001D3C17 /* PhotoboothUITests.swift */; };
		F9D2F58B26384D83001D3C17 /* VIPER.swift in Sources */ = {isa = PBXBuildFile; fileRef = F9D2F58A26384D83001D3C17 /* VIPER.swift */; };
		F9D2F59A26384D83001D3C17 /* PhotoboothHomePresenter.swift in Sources */ = {isa = PBXBuildFile; fileRef = F9D2F59226384D83001D3C17 /* PhotoboothHomePresenter.swift */; };
		F9D2F59B26384D83001D3C17 /* PhotoboothHomeView.swift in Sources */ = {isa = PBXBuildFile; fileRef = F9D2F59426384D83001D3C17 /* PhotoboothHomeView.swift */; };
		F9D2F59C26384D83001D3C17 /* PhotoboothHomeModule.swift in Sources */ = {isa = PBXBuildFile; fileRef = F9D2F59526384D83001D3C17 /* PhotoboothHomeModule.swift */; };
		F9D2F59D26384D83001D3C17 /* PhotoboothHomeInteractor.swift in Sources */ = {isa = PBXBuildFile; fileRef = F9D2F59726384D83001D3C17 /* PhotoboothHomeInteractor.swift */; };
		F9D2F59E26384D83001D3C17 /* PhotoboothHomeRouter.swift in Sources */ = {isa = PBXBuildFile; fileRef = F9D2F59926384D83001D3C17 /* PhotoboothHomeRouter.swift */; };
		F9D2F5A726384D83001D3C17 /* ImagePickerView.swift in Sources */ = {isa = PBXBuildFile; fileRef = F9D2F5A626384D83001D3C17 /* ImagePickerView.swift */; };
		F9D2F5B226384D83001D3C17 /* PhotoboothHomePresenterTests.swift in Sources */ = {isa = PBXBuildFile; fileRef = F9D2F5AF26384D83001D3C17 /* PhotoboothHomePresenterTests.swift */; };
		F9D2F5B326384D83001D3C17 /* PhotoboothHomeModuleTests.swift in Sources */ = {isa = PBXBuildFile; fileRef = F9D2F5B026384D83001D3C17 /* PhotoboothHomeModuleTests.swift */; };
		F9D2F5B426384D83001D3C17 /* PhotoboothHomeInteractorTests.swift in Sources */ = {isa = PBXBuildFile; fileRef = F9D2F5B126384D83001D3C17 /* PhotoboothHomeInteractorTests.swift */; };
		F9D2F5BE26384D83001D3C17 /* VIPER.swift in Sources */ = {isa = PBXBuildFile; fileRef = F9D2F58A26384D83001D3C17 /* VIPER.swift */; };
		F9D2F5BF26384D83001D3C17 /* ImagePickerView.swift in Sources */ = {isa = PBXBuildFile; fileRef = F9D2F5A626384D83001D3C17 /* ImagePickerView.swift */; };
		F9D2F5C326384D83001D3C17 /* PhotoboothHomeModule.swift in Sources */ = {isa = PBXBuildFile; fileRef = F9D2F59526384D83001D3C17 /* PhotoboothHomeModule.swift */; };
		F9D2F5C726384D83001D3C17 /* PhotoboothHomeView.swift in Sources */ = {isa = PBXBuildFile; fileRef = F9D2F59426384D83001D3C17 /* PhotoboothHomeView.swift */; };
		F9D2F5CB26384D83001D3C17 /* PhotoboothHomeInteractor.swift in Sources */ = {isa = PBXBuildFile; fileRef = F9D2F59726384D83001D3C17 /* PhotoboothHomeInteractor.swift */; };
		F9D2F5CF26384D83001D3C17 /* PhotoboothHomePresenter.swift in Sources */ = {isa = PBXBuildFile; fileRef = F9D2F59226384D83001D3C17 /* PhotoboothHomePresenter.swift */; };
		F9D2F5D326384D83001D3C17 /* PhotoboothHomeRouter.swift in Sources */ = {isa = PBXBuildFile; fileRef = F9D2F59926384D83001D3C17 /* PhotoboothHomeRouter.swift */; };
		F9D2F5E9263907C6001D3C17 /* DatabaseOperationsManagerInterface.swift in Sources */ = {isa = PBXBuildFile; fileRef = F9D2F5E2263907C6001D3C17 /* DatabaseOperationsManagerInterface.swift */; };
		F9D2F5EA263907C6001D3C17 /* DefautDatabaseOperationsManager.swift in Sources */ = {isa = PBXBuildFile; fileRef = F9D2F5E3263907C6001D3C17 /* DefautDatabaseOperationsManager.swift */; };
		F9D2F5EB263907C6001D3C17 /* CoreDataStack.swift in Sources */ = {isa = PBXBuildFile; fileRef = F9D2F5E5263907C6001D3C17 /* CoreDataStack.swift */; };
		F9D2F5EC263907C6001D3C17 /* CoreDataStackInterface.swift in Sources */ = {isa = PBXBuildFile; fileRef = F9D2F5E6263907C6001D3C17 /* CoreDataStackInterface.swift */; };
		F9D2F5ED263907C6001D3C17 /* Photobooth.xcdatamodeld in Sources */ = {isa = PBXBuildFile; fileRef = F9D2F5E7263907C6001D3C17 /* Photobooth.xcdatamodeld */; };
		F9D2F5F4263907CF001D3C17 /* DefaultFileManager.swift in Sources */ = {isa = PBXBuildFile; fileRef = F9D2F5F2263907CF001D3C17 /* DefaultFileManager.swift */; };
		F9D2F5F5263907CF001D3C17 /* FileManagerInterface.swift in Sources */ = {isa = PBXBuildFile; fileRef = F9D2F5F3263907CF001D3C17 /* FileManagerInterface.swift */; };
		F9D2F60426390A88001D3C17 /* RecordPhotoDetailsPresenter.swift in Sources */ = {isa = PBXBuildFile; fileRef = F9D2F5FC26390A88001D3C17 /* RecordPhotoDetailsPresenter.swift */; };
		F9D2F60526390A88001D3C17 /* RecordPhotoDetailsView.swift in Sources */ = {isa = PBXBuildFile; fileRef = F9D2F5FE26390A88001D3C17 /* RecordPhotoDetailsView.swift */; };
		F9D2F60626390A88001D3C17 /* RecordPhotoDetailsModule.swift in Sources */ = {isa = PBXBuildFile; fileRef = F9D2F5FF26390A88001D3C17 /* RecordPhotoDetailsModule.swift */; };
		F9D2F60726390A88001D3C17 /* RecordPhotoDetailsInteractor.swift in Sources */ = {isa = PBXBuildFile; fileRef = F9D2F60126390A88001D3C17 /* RecordPhotoDetailsInteractor.swift */; };
		F9D2F60826390A88001D3C17 /* RecordPhotoDetailsRouter.swift in Sources */ = {isa = PBXBuildFile; fileRef = F9D2F60326390A88001D3C17 /* RecordPhotoDetailsRouter.swift */; };
		F9D2F61226390BD4001D3C17 /* FlileManagerStub.swift in Sources */ = {isa = PBXBuildFile; fileRef = F9D2F61026390BD4001D3C17 /* FlileManagerStub.swift */; };
		F9D2F61326390BD4001D3C17 /* TestCoreDataStack.swift in Sources */ = {isa = PBXBuildFile; fileRef = F9D2F61126390BD4001D3C17 /* TestCoreDataStack.swift */; };
		F9D2F61E26390E62001D3C17 /* RecordPhotoDetailsPresenterTests.swift in Sources */ = {isa = PBXBuildFile; fileRef = F9D2F61B26390E62001D3C17 /* RecordPhotoDetailsPresenterTests.swift */; };
		F9D2F61F26390E62001D3C17 /* RecordPhotoDetailsModuleTests.swift in Sources */ = {isa = PBXBuildFile; fileRef = F9D2F61C26390E62001D3C17 /* RecordPhotoDetailsModuleTests.swift */; };
		F9D2F62026390E62001D3C17 /* RecordPhotoDetailsInteractorTests.swift in Sources */ = {isa = PBXBuildFile; fileRef = F9D2F61D26390E62001D3C17 /* RecordPhotoDetailsInteractorTests.swift */; };
		F9D2F62A26390E6F001D3C17 /* RecordPhotoDetailsModule.swift in Sources */ = {isa = PBXBuildFile; fileRef = F9D2F5FF26390A88001D3C17 /* RecordPhotoDetailsModule.swift */; };
		F9D2F63126390E73001D3C17 /* RecordPhotoDetailsView.swift in Sources */ = {isa = PBXBuildFile; fileRef = F9D2F5FE26390A88001D3C17 /* RecordPhotoDetailsView.swift */; };
		F9D2F63526390E7B001D3C17 /* RecordPhotoDetailsPresenter.swift in Sources */ = {isa = PBXBuildFile; fileRef = F9D2F5FC26390A88001D3C17 /* RecordPhotoDetailsPresenter.swift */; };
		F9D2F63626390E7B001D3C17 /* RecordPhotoDetailsInteractor.swift in Sources */ = {isa = PBXBuildFile; fileRef = F9D2F60126390A88001D3C17 /* RecordPhotoDetailsInteractor.swift */; };
		F9D2F63726390E7B001D3C17 /* RecordPhotoDetailsRouter.swift in Sources */ = {isa = PBXBuildFile; fileRef = F9D2F60326390A88001D3C17 /* RecordPhotoDetailsRouter.swift */; };
		F9D2F63B26390E82001D3C17 /* DefaultFileManager.swift in Sources */ = {isa = PBXBuildFile; fileRef = F9D2F5F2263907CF001D3C17 /* DefaultFileManager.swift */; };
		F9D2F63F26390E85001D3C17 /* FileManagerInterface.swift in Sources */ = {isa = PBXBuildFile; fileRef = F9D2F5F3263907CF001D3C17 /* FileManagerInterface.swift */; };
		F9D2F64326390E8C001D3C17 /* DatabaseOperationsManagerInterface.swift in Sources */ = {isa = PBXBuildFile; fileRef = F9D2F5E2263907C6001D3C17 /* DatabaseOperationsManagerInterface.swift */; };
		F9D2F64726390E94001D3C17 /* DefautDatabaseOperationsManager.swift in Sources */ = {isa = PBXBuildFile; fileRef = F9D2F5E3263907C6001D3C17 /* DefautDatabaseOperationsManager.swift */; };
		F9D2F64B26390E9A001D3C17 /* CoreDataStack.swift in Sources */ = {isa = PBXBuildFile; fileRef = F9D2F5E5263907C6001D3C17 /* CoreDataStack.swift */; };
		F9D2F64F26390E9D001D3C17 /* CoreDataStackInterface.swift in Sources */ = {isa = PBXBuildFile; fileRef = F9D2F5E6263907C6001D3C17 /* CoreDataStackInterface.swift */; };
		F9D2F65326390EB3001D3C17 /* Photobooth.xcdatamodeld in Sources */ = {isa = PBXBuildFile; fileRef = F9D2F5E7263907C6001D3C17 /* Photobooth.xcdatamodeld */; };
		F9ED5D832639C943001254EA /* PhotoListDisplayItem.swift in Sources */ = {isa = PBXBuildFile; fileRef = F9ED5D772639C943001254EA /* PhotoListDisplayItem.swift */; };
		F9ED5D842639C943001254EA /* PhotoListViewModel.swift in Sources */ = {isa = PBXBuildFile; fileRef = F9ED5D792639C943001254EA /* PhotoListViewModel.swift */; };
		F9ED5D852639C943001254EA /* PhotoListViewPresenter.swift in Sources */ = {isa = PBXBuildFile; fileRef = F9ED5D7A2639C943001254EA /* PhotoListViewPresenter.swift */; };
		F9ED5D862639C943001254EA /* PhotoListModule.swift in Sources */ = {isa = PBXBuildFile; fileRef = F9ED5D7B2639C943001254EA /* PhotoListModule.swift */; };
		F9ED5D872639C943001254EA /* PhotoListItemView.swift in Sources */ = {isa = PBXBuildFile; fileRef = F9ED5D7D2639C943001254EA /* PhotoListItemView.swift */; };
		F9ED5D882639C943001254EA /* PhotoListView.swift in Sources */ = {isa = PBXBuildFile; fileRef = F9ED5D7E2639C943001254EA /* PhotoListView.swift */; };
		F9ED5D892639C943001254EA /* PhotoListViewInteractor.swift in Sources */ = {isa = PBXBuildFile; fileRef = F9ED5D802639C943001254EA /* PhotoListViewInteractor.swift */; };
		F9ED5D8A2639C943001254EA /* PhotoListViewRouter.swift in Sources */ = {isa = PBXBuildFile; fileRef = F9ED5D822639C943001254EA /* PhotoListViewRouter.swift */; };
		F9ED5D982639F325001254EA /* PhotoListModuleTests.swift in Sources */ = {isa = PBXBuildFile; fileRef = F9ED5D952639F325001254EA /* PhotoListModuleTests.swift */; };
		F9ED5D992639F325001254EA /* PhotoListPresenterTests.swift in Sources */ = {isa = PBXBuildFile; fileRef = F9ED5D962639F325001254EA /* PhotoListPresenterTests.swift */; };
		F9ED5D9A2639F325001254EA /* PhotoListInteractorTests.swift in Sources */ = {isa = PBXBuildFile; fileRef = F9ED5D972639F325001254EA /* PhotoListInteractorTests.swift */; };
		F9ED5DA12639F380001254EA /* PhotoListModule.swift in Sources */ = {isa = PBXBuildFile; fileRef = F9ED5D7B2639C943001254EA /* PhotoListModule.swift */; };
		F9ED5DA22639F385001254EA /* PhotoListDisplayItem.swift in Sources */ = {isa = PBXBuildFile; fileRef = F9ED5D772639C943001254EA /* PhotoListDisplayItem.swift */; };
		F9ED5DA62639F389001254EA /* PhotoListViewModel.swift in Sources */ = {isa = PBXBuildFile; fileRef = F9ED5D792639C943001254EA /* PhotoListViewModel.swift */; };
		F9ED5DAA2639F38D001254EA /* PhotoListViewPresenter.swift in Sources */ = {isa = PBXBuildFile; fileRef = F9ED5D7A2639C943001254EA /* PhotoListViewPresenter.swift */; };
		F9ED5DAE2639F392001254EA /* PhotoListItemView.swift in Sources */ = {isa = PBXBuildFile; fileRef = F9ED5D7D2639C943001254EA /* PhotoListItemView.swift */; };
		F9ED5DB22639F395001254EA /* PhotoListView.swift in Sources */ = {isa = PBXBuildFile; fileRef = F9ED5D7E2639C943001254EA /* PhotoListView.swift */; };
		F9ED5DB62639F39A001254EA /* PhotoListViewInteractor.swift in Sources */ = {isa = PBXBuildFile; fileRef = F9ED5D802639C943001254EA /* PhotoListViewInteractor.swift */; };
		F9ED5DBA2639F39F001254EA /* PhotoListViewRouter.swift in Sources */ = {isa = PBXBuildFile; fileRef = F9ED5D822639C943001254EA /* PhotoListViewRouter.swift */; };
		F9ED5DCE2639F4F8001254EA /* ShowPhotoDetailsModule.swift in Sources */ = {isa = PBXBuildFile; fileRef = F9ED5DC22639F4F8001254EA /* ShowPhotoDetailsModule.swift */; };
		F9ED5DCF2639F4F8001254EA /* PhotoDetailsDisplayItem.swift in Sources */ = {isa = PBXBuildFile; fileRef = F9ED5DC42639F4F8001254EA /* PhotoDetailsDisplayItem.swift */; };
		F9ED5DD02639F4F8001254EA /* ShowPhotoDetailsPresenter.swift in Sources */ = {isa = PBXBuildFile; fileRef = F9ED5DC62639F4F8001254EA /* ShowPhotoDetailsPresenter.swift */; };
		F9ED5DD12639F4F8001254EA /* ShowPhotoDetailsViewModel.swift in Sources */ = {isa = PBXBuildFile; fileRef = F9ED5DC72639F4F8001254EA /* ShowPhotoDetailsViewModel.swift */; };
		F9ED5DD22639F4F8001254EA /* ShowPhotoDetailsView.swift in Sources */ = {isa = PBXBuildFile; fileRef = F9ED5DC92639F4F8001254EA /* ShowPhotoDetailsView.swift */; };
		F9ED5DD32639F4F8001254EA /* ShowPhotoDetailsInteractor.swift in Sources */ = {isa = PBXBuildFile; fileRef = F9ED5DCB2639F4F8001254EA /* ShowPhotoDetailsInteractor.swift */; };
		F9ED5DD42639F4F8001254EA /* ShowPhotoDetailsRouter.swift in Sources */ = {isa = PBXBuildFile; fileRef = F9ED5DCD2639F4F8001254EA /* ShowPhotoDetailsRouter.swift */; };
		F9ED5DDA2639F5EB001254EA /* FileManagerTests.swift in Sources */ = {isa = PBXBuildFile; fileRef = F9ED5DD92639F5EB001254EA /* FileManagerTests.swift */; };
		F9ED5DE12639F601001254EA /* ShowPhotoDetailsModule.swift in Sources */ = {isa = PBXBuildFile; fileRef = F9ED5DC22639F4F8001254EA /* ShowPhotoDetailsModule.swift */; };
		F9ED5DE22639F60B001254EA /* PhotoDetailsDisplayItem.swift in Sources */ = {isa = PBXBuildFile; fileRef = F9ED5DC42639F4F8001254EA /* PhotoDetailsDisplayItem.swift */; };
		F9ED5DE62639F610001254EA /* ShowPhotoDetailsPresenter.swift in Sources */ = {isa = PBXBuildFile; fileRef = F9ED5DC62639F4F8001254EA /* ShowPhotoDetailsPresenter.swift */; };
		F9ED5DEA2639F614001254EA /* ShowPhotoDetailsViewModel.swift in Sources */ = {isa = PBXBuildFile; fileRef = F9ED5DC72639F4F8001254EA /* ShowPhotoDetailsViewModel.swift */; };
		F9ED5DEE2639F61B001254EA /* ShowPhotoDetailsView.swift in Sources */ = {isa = PBXBuildFile; fileRef = F9ED5DC92639F4F8001254EA /* ShowPhotoDetailsView.swift */; };
		F9ED5DF22639F61F001254EA /* ShowPhotoDetailsInteractor.swift in Sources */ = {isa = PBXBuildFile; fileRef = F9ED5DCB2639F4F8001254EA /* ShowPhotoDetailsInteractor.swift */; };
		F9ED5DF62639F624001254EA /* ShowPhotoDetailsRouter.swift in Sources */ = {isa = PBXBuildFile; fileRef = F9ED5DCD2639F4F8001254EA /* ShowPhotoDetailsRouter.swift */; };
		F9ED5E002639F6CC001254EA /* ShowPhotoDetailsModuleTests.swift in Sources */ = {isa = PBXBuildFile; fileRef = F9ED5DFF2639F6CC001254EA /* ShowPhotoDetailsModuleTests.swift */; };
		F9ED5E052639F6E2001254EA /* ShowPhotoDetailsPresenterTests.swift in Sources */ = {isa = PBXBuildFile; fileRef = F9ED5E042639F6E2001254EA /* ShowPhotoDetailsPresenterTests.swift */; };
		F9ED5E0A2639F6F6001254EA /* ShowPhotoDetailsInteractorTests.swift in Sources */ = {isa = PBXBuildFile; fileRef = F9ED5E092639F6F6001254EA /* ShowPhotoDetailsInteractorTests.swift */; };
/* End PBXBuildFile section */

/* Begin PBXContainerItemProxy section */
		F9D2F56926384D83001D3C17 /* PBXContainerItemProxy */ = {
			isa = PBXContainerItemProxy;
			containerPortal = F9D2F54A26384D83001D3C17 /* Project object */;
			proxyType = 1;
			remoteGlobalIDString = F9D2F55126384D83001D3C17;
			remoteInfo = Photobooth;
		};
		F9D2F57426384D83001D3C17 /* PBXContainerItemProxy */ = {
			isa = PBXContainerItemProxy;
			containerPortal = F9D2F54A26384D83001D3C17 /* Project object */;
			proxyType = 1;
			remoteGlobalIDString = F9D2F55126384D83001D3C17;
			remoteInfo = Photobooth;
		};
/* End PBXContainerItemProxy section */

/* Begin PBXFileReference section */
		F9D2F55226384D83001D3C17 /* Photobooth.app */ = {isa = PBXFileReference; explicitFileType = wrapper.application; includeInIndex = 0; path = Photobooth.app; sourceTree = BUILT_PRODUCTS_DIR; };
		F9D2F55526384D83001D3C17 /* AppDelegate.swift */ = {isa = PBXFileReference; lastKnownFileType = sourcecode.swift; path = AppDelegate.swift; sourceTree = "<group>"; };
		F9D2F55726384D83001D3C17 /* SceneDelegate.swift */ = {isa = PBXFileReference; lastKnownFileType = sourcecode.swift; path = SceneDelegate.swift; sourceTree = "<group>"; };
		F9D2F55926384D83001D3C17 /* ContentView.swift */ = {isa = PBXFileReference; lastKnownFileType = sourcecode.swift; path = ContentView.swift; sourceTree = "<group>"; };
		F9D2F55B26384D83001D3C17 /* Assets.xcassets */ = {isa = PBXFileReference; lastKnownFileType = folder.assetcatalog; path = Assets.xcassets; sourceTree = "<group>"; };
		F9D2F55E26384D83001D3C17 /* Preview Assets.xcassets */ = {isa = PBXFileReference; lastKnownFileType = folder.assetcatalog; path = "Preview Assets.xcassets"; sourceTree = "<group>"; };
		F9D2F56126384D83001D3C17 /* Base */ = {isa = PBXFileReference; lastKnownFileType = file.storyboard; name = Base; path = Base.lproj/LaunchScreen.storyboard; sourceTree = "<group>"; };
		F9D2F56326384D83001D3C17 /* Info.plist */ = {isa = PBXFileReference; lastKnownFileType = text.plist.xml; path = Info.plist; sourceTree = "<group>"; };
		F9D2F56826384D83001D3C17 /* PhotoboothTests.xctest */ = {isa = PBXFileReference; explicitFileType = wrapper.cfbundle; includeInIndex = 0; path = PhotoboothTests.xctest; sourceTree = BUILT_PRODUCTS_DIR; };
		F9D2F56C26384D83001D3C17 /* PhotoboothTests.swift */ = {isa = PBXFileReference; lastKnownFileType = sourcecode.swift; path = PhotoboothTests.swift; sourceTree = "<group>"; };
		F9D2F56E26384D83001D3C17 /* Info.plist */ = {isa = PBXFileReference; lastKnownFileType = text.plist.xml; path = Info.plist; sourceTree = "<group>"; };
		F9D2F57326384D83001D3C17 /* PhotoboothUITests.xctest */ = {isa = PBXFileReference; explicitFileType = wrapper.cfbundle; includeInIndex = 0; path = PhotoboothUITests.xctest; sourceTree = BUILT_PRODUCTS_DIR; };
		F9D2F57726384D83001D3C17 /* PhotoboothUITests.swift */ = {isa = PBXFileReference; lastKnownFileType = sourcecode.swift; path = PhotoboothUITests.swift; sourceTree = "<group>"; };
		F9D2F57926384D83001D3C17 /* Info.plist */ = {isa = PBXFileReference; lastKnownFileType = text.plist.xml; path = Info.plist; sourceTree = "<group>"; };
		F9D2F58A26384D83001D3C17 /* VIPER.swift */ = {isa = PBXFileReference; fileEncoding = 4; lastKnownFileType = sourcecode.swift; path = VIPER.swift; sourceTree = "<group>"; };
		F9D2F59226384D83001D3C17 /* PhotoboothHomePresenter.swift */ = {isa = PBXFileReference; fileEncoding = 4; lastKnownFileType = sourcecode.swift; path = PhotoboothHomePresenter.swift; sourceTree = "<group>"; };
		F9D2F59426384D83001D3C17 /* PhotoboothHomeView.swift */ = {isa = PBXFileReference; fileEncoding = 4; lastKnownFileType = sourcecode.swift; path = PhotoboothHomeView.swift; sourceTree = "<group>"; };
		F9D2F59526384D83001D3C17 /* PhotoboothHomeModule.swift */ = {isa = PBXFileReference; fileEncoding = 4; lastKnownFileType = sourcecode.swift; path = PhotoboothHomeModule.swift; sourceTree = "<group>"; };
		F9D2F59726384D83001D3C17 /* PhotoboothHomeInteractor.swift */ = {isa = PBXFileReference; fileEncoding = 4; lastKnownFileType = sourcecode.swift; path = PhotoboothHomeInteractor.swift; sourceTree = "<group>"; };
		F9D2F59926384D83001D3C17 /* PhotoboothHomeRouter.swift */ = {isa = PBXFileReference; fileEncoding = 4; lastKnownFileType = sourcecode.swift; path = PhotoboothHomeRouter.swift; sourceTree = "<group>"; };
		F9D2F5A626384D83001D3C17 /* ImagePickerView.swift */ = {isa = PBXFileReference; fileEncoding = 4; lastKnownFileType = sourcecode.swift; path = ImagePickerView.swift; sourceTree = "<group>"; };
		F9D2F5AF26384D83001D3C17 /* PhotoboothHomePresenterTests.swift */ = {isa = PBXFileReference; fileEncoding = 4; lastKnownFileType = sourcecode.swift; path = PhotoboothHomePresenterTests.swift; sourceTree = "<group>"; };
		F9D2F5B026384D83001D3C17 /* PhotoboothHomeModuleTests.swift */ = {isa = PBXFileReference; fileEncoding = 4; lastKnownFileType = sourcecode.swift; path = PhotoboothHomeModuleTests.swift; sourceTree = "<group>"; };
		F9D2F5B126384D83001D3C17 /* PhotoboothHomeInteractorTests.swift */ = {isa = PBXFileReference; fileEncoding = 4; lastKnownFileType = sourcecode.swift; path = PhotoboothHomeInteractorTests.swift; sourceTree = "<group>"; };
		F9D2F5E2263907C6001D3C17 /* DatabaseOperationsManagerInterface.swift */ = {isa = PBXFileReference; fileEncoding = 4; lastKnownFileType = sourcecode.swift; path = DatabaseOperationsManagerInterface.swift; sourceTree = "<group>"; };
		F9D2F5E3263907C6001D3C17 /* DefautDatabaseOperationsManager.swift */ = {isa = PBXFileReference; fileEncoding = 4; lastKnownFileType = sourcecode.swift; path = DefautDatabaseOperationsManager.swift; sourceTree = "<group>"; };
		F9D2F5E5263907C6001D3C17 /* CoreDataStack.swift */ = {isa = PBXFileReference; fileEncoding = 4; lastKnownFileType = sourcecode.swift; path = CoreDataStack.swift; sourceTree = "<group>"; };
		F9D2F5E6263907C6001D3C17 /* CoreDataStackInterface.swift */ = {isa = PBXFileReference; fileEncoding = 4; lastKnownFileType = sourcecode.swift; path = CoreDataStackInterface.swift; sourceTree = "<group>"; };
		F9D2F5E8263907C6001D3C17 /* Photobooth.xcdatamodel */ = {isa = PBXFileReference; lastKnownFileType = wrapper.xcdatamodel; path = Photobooth.xcdatamodel; sourceTree = "<group>"; };
		F9D2F5F2263907CF001D3C17 /* DefaultFileManager.swift */ = {isa = PBXFileReference; fileEncoding = 4; lastKnownFileType = sourcecode.swift; path = DefaultFileManager.swift; sourceTree = "<group>"; };
		F9D2F5F3263907CF001D3C17 /* FileManagerInterface.swift */ = {isa = PBXFileReference; fileEncoding = 4; lastKnownFileType = sourcecode.swift; path = FileManagerInterface.swift; sourceTree = "<group>"; };
		F9D2F5FC26390A88001D3C17 /* RecordPhotoDetailsPresenter.swift */ = {isa = PBXFileReference; fileEncoding = 4; lastKnownFileType = sourcecode.swift; path = RecordPhotoDetailsPresenter.swift; sourceTree = "<group>"; };
		F9D2F5FE26390A88001D3C17 /* RecordPhotoDetailsView.swift */ = {isa = PBXFileReference; fileEncoding = 4; lastKnownFileType = sourcecode.swift; path = RecordPhotoDetailsView.swift; sourceTree = "<group>"; };
		F9D2F5FF26390A88001D3C17 /* RecordPhotoDetailsModule.swift */ = {isa = PBXFileReference; fileEncoding = 4; lastKnownFileType = sourcecode.swift; path = RecordPhotoDetailsModule.swift; sourceTree = "<group>"; };
		F9D2F60126390A88001D3C17 /* RecordPhotoDetailsInteractor.swift */ = {isa = PBXFileReference; fileEncoding = 4; lastKnownFileType = sourcecode.swift; path = RecordPhotoDetailsInteractor.swift; sourceTree = "<group>"; };
		F9D2F60326390A88001D3C17 /* RecordPhotoDetailsRouter.swift */ = {isa = PBXFileReference; fileEncoding = 4; lastKnownFileType = sourcecode.swift; path = RecordPhotoDetailsRouter.swift; sourceTree = "<group>"; };
		F9D2F61026390BD4001D3C17 /* FlileManagerStub.swift */ = {isa = PBXFileReference; fileEncoding = 4; lastKnownFileType = sourcecode.swift; path = FlileManagerStub.swift; sourceTree = "<group>"; };
		F9D2F61126390BD4001D3C17 /* TestCoreDataStack.swift */ = {isa = PBXFileReference; fileEncoding = 4; lastKnownFileType = sourcecode.swift; path = TestCoreDataStack.swift; sourceTree = "<group>"; };
		F9D2F61B26390E62001D3C17 /* RecordPhotoDetailsPresenterTests.swift */ = {isa = PBXFileReference; fileEncoding = 4; lastKnownFileType = sourcecode.swift; path = RecordPhotoDetailsPresenterTests.swift; sourceTree = "<group>"; };
		F9D2F61C26390E62001D3C17 /* RecordPhotoDetailsModuleTests.swift */ = {isa = PBXFileReference; fileEncoding = 4; lastKnownFileType = sourcecode.swift; path = RecordPhotoDetailsModuleTests.swift; sourceTree = "<group>"; };
		F9D2F61D26390E62001D3C17 /* RecordPhotoDetailsInteractorTests.swift */ = {isa = PBXFileReference; fileEncoding = 4; lastKnownFileType = sourcecode.swift; path = RecordPhotoDetailsInteractorTests.swift; sourceTree = "<group>"; };
		F9ED5D772639C943001254EA /* PhotoListDisplayItem.swift */ = {isa = PBXFileReference; fileEncoding = 4; lastKnownFileType = sourcecode.swift; path = PhotoListDisplayItem.swift; sourceTree = "<group>"; };
		F9ED5D792639C943001254EA /* PhotoListViewModel.swift */ = {isa = PBXFileReference; fileEncoding = 4; lastKnownFileType = sourcecode.swift; path = PhotoListViewModel.swift; sourceTree = "<group>"; };
		F9ED5D7A2639C943001254EA /* PhotoListViewPresenter.swift */ = {isa = PBXFileReference; fileEncoding = 4; lastKnownFileType = sourcecode.swift; path = PhotoListViewPresenter.swift; sourceTree = "<group>"; };
		F9ED5D7B2639C943001254EA /* PhotoListModule.swift */ = {isa = PBXFileReference; fileEncoding = 4; lastKnownFileType = sourcecode.swift; path = PhotoListModule.swift; sourceTree = "<group>"; };
		F9ED5D7D2639C943001254EA /* PhotoListItemView.swift */ = {isa = PBXFileReference; fileEncoding = 4; lastKnownFileType = sourcecode.swift; path = PhotoListItemView.swift; sourceTree = "<group>"; };
		F9ED5D7E2639C943001254EA /* PhotoListView.swift */ = {isa = PBXFileReference; fileEncoding = 4; lastKnownFileType = sourcecode.swift; path = PhotoListView.swift; sourceTree = "<group>"; };
		F9ED5D802639C943001254EA /* PhotoListViewInteractor.swift */ = {isa = PBXFileReference; fileEncoding = 4; lastKnownFileType = sourcecode.swift; path = PhotoListViewInteractor.swift; sourceTree = "<group>"; };
		F9ED5D822639C943001254EA /* PhotoListViewRouter.swift */ = {isa = PBXFileReference; fileEncoding = 4; lastKnownFileType = sourcecode.swift; path = PhotoListViewRouter.swift; sourceTree = "<group>"; };
		F9ED5D952639F325001254EA /* PhotoListModuleTests.swift */ = {isa = PBXFileReference; fileEncoding = 4; lastKnownFileType = sourcecode.swift; path = PhotoListModuleTests.swift; sourceTree = "<group>"; };
		F9ED5D962639F325001254EA /* PhotoListPresenterTests.swift */ = {isa = PBXFileReference; fileEncoding = 4; lastKnownFileType = sourcecode.swift; path = PhotoListPresenterTests.swift; sourceTree = "<group>"; };
		F9ED5D972639F325001254EA /* PhotoListInteractorTests.swift */ = {isa = PBXFileReference; fileEncoding = 4; lastKnownFileType = sourcecode.swift; path = PhotoListInteractorTests.swift; sourceTree = "<group>"; };
		F9ED5DC22639F4F8001254EA /* ShowPhotoDetailsModule.swift */ = {isa = PBXFileReference; fileEncoding = 4; lastKnownFileType = sourcecode.swift; path = ShowPhotoDetailsModule.swift; sourceTree = "<group>"; };
		F9ED5DC42639F4F8001254EA /* PhotoDetailsDisplayItem.swift */ = {isa = PBXFileReference; fileEncoding = 4; lastKnownFileType = sourcecode.swift; path = PhotoDetailsDisplayItem.swift; sourceTree = "<group>"; };
		F9ED5DC62639F4F8001254EA /* ShowPhotoDetailsPresenter.swift */ = {isa = PBXFileReference; fileEncoding = 4; lastKnownFileType = sourcecode.swift; path = ShowPhotoDetailsPresenter.swift; sourceTree = "<group>"; };
		F9ED5DC72639F4F8001254EA /* ShowPhotoDetailsViewModel.swift */ = {isa = PBXFileReference; fileEncoding = 4; lastKnownFileType = sourcecode.swift; path = ShowPhotoDetailsViewModel.swift; sourceTree = "<group>"; };
		F9ED5DC92639F4F8001254EA /* ShowPhotoDetailsView.swift */ = {isa = PBXFileReference; fileEncoding = 4; lastKnownFileType = sourcecode.swift; path = ShowPhotoDetailsView.swift; sourceTree = "<group>"; };
		F9ED5DCB2639F4F8001254EA /* ShowPhotoDetailsInteractor.swift */ = {isa = PBXFileReference; fileEncoding = 4; lastKnownFileType = sourcecode.swift; path = ShowPhotoDetailsInteractor.swift; sourceTree = "<group>"; };
		F9ED5DCD2639F4F8001254EA /* ShowPhotoDetailsRouter.swift */ = {isa = PBXFileReference; fileEncoding = 4; lastKnownFileType = sourcecode.swift; path = ShowPhotoDetailsRouter.swift; sourceTree = "<group>"; };
		F9ED5DD92639F5EB001254EA /* FileManagerTests.swift */ = {isa = PBXFileReference; fileEncoding = 4; lastKnownFileType = sourcecode.swift; path = FileManagerTests.swift; sourceTree = "<group>"; };
		F9ED5DFF2639F6CC001254EA /* ShowPhotoDetailsModuleTests.swift */ = {isa = PBXFileReference; lastKnownFileType = sourcecode.swift; path = ShowPhotoDetailsModuleTests.swift; sourceTree = "<group>"; };
		F9ED5E042639F6E2001254EA /* ShowPhotoDetailsPresenterTests.swift */ = {isa = PBXFileReference; lastKnownFileType = sourcecode.swift; path = ShowPhotoDetailsPresenterTests.swift; sourceTree = "<group>"; };
		F9ED5E092639F6F6001254EA /* ShowPhotoDetailsInteractorTests.swift */ = {isa = PBXFileReference; lastKnownFileType = sourcecode.swift; path = ShowPhotoDetailsInteractorTests.swift; sourceTree = "<group>"; };
/* End PBXFileReference section */

/* Begin PBXFrameworksBuildPhase section */
		F9D2F54F26384D83001D3C17 /* Frameworks */ = {
			isa = PBXFrameworksBuildPhase;
			buildActionMask = 2147483647;
			files = (
			);
			runOnlyForDeploymentPostprocessing = 0;
		};
		F9D2F56526384D83001D3C17 /* Frameworks */ = {
			isa = PBXFrameworksBuildPhase;
			buildActionMask = 2147483647;
			files = (
			);
			runOnlyForDeploymentPostprocessing = 0;
		};
		F9D2F57026384D83001D3C17 /* Frameworks */ = {
			isa = PBXFrameworksBuildPhase;
			buildActionMask = 2147483647;
			files = (
			);
			runOnlyForDeploymentPostprocessing = 0;
		};
/* End PBXFrameworksBuildPhase section */

/* Begin PBXGroup section */
		F9D2F54926384D83001D3C17 = {
			isa = PBXGroup;
			children = (
				F9D2F55426384D83001D3C17 /* Photobooth */,
				F9D2F56B26384D83001D3C17 /* PhotoboothTests */,
				F9D2F57626384D83001D3C17 /* PhotoboothUITests */,
				F9D2F55326384D83001D3C17 /* Products */,
			);
			sourceTree = "<group>";
		};
		F9D2F55326384D83001D3C17 /* Products */ = {
			isa = PBXGroup;
			children = (
				F9D2F55226384D83001D3C17 /* Photobooth.app */,
				F9D2F56826384D83001D3C17 /* PhotoboothTests.xctest */,
				F9D2F57326384D83001D3C17 /* PhotoboothUITests.xctest */,
			);
			name = Products;
			sourceTree = "<group>";
		};
		F9D2F55426384D83001D3C17 /* Photobooth */ = {
			isa = PBXGroup;
			children = (
				F9D2F58826384D83001D3C17 /* Common */,
				F9D2F58F26384D83001D3C17 /* PhotoboothHomeModule */,
				F9D2F5F926390A88001D3C17 /* RecordPhotoDetailsModule */,
				F9ED5D752639C943001254EA /* PhotoListModule */,
				F9ED5DC12639F4F8001254EA /* ShowPhotoDetailsModule */,
				F9D2F55526384D83001D3C17 /* AppDelegate.swift */,
				F9D2F55726384D83001D3C17 /* SceneDelegate.swift */,
				F9D2F55926384D83001D3C17 /* ContentView.swift */,
				F9D2F55B26384D83001D3C17 /* Assets.xcassets */,
				F9D2F56026384D83001D3C17 /* LaunchScreen.storyboard */,
				F9D2F56326384D83001D3C17 /* Info.plist */,
				F9D2F55D26384D83001D3C17 /* Preview Content */,
			);
			path = Photobooth;
			sourceTree = "<group>";
		};
		F9D2F55D26384D83001D3C17 /* Preview Content */ = {
			isa = PBXGroup;
			children = (
				F9D2F55E26384D83001D3C17 /* Preview Assets.xcassets */,
			);
			path = "Preview Content";
			sourceTree = "<group>";
		};
		F9D2F56B26384D83001D3C17 /* PhotoboothTests */ = {
			isa = PBXGroup;
			children = (
				F9D2F60F26390BD4001D3C17 /* Stubs */,
				F9ED5DD82639F5EB001254EA /* Common */,
				F9D2F5AE26384D83001D3C17 /* PhotoboothHomeModule */,
				F9D2F61A26390E62001D3C17 /* RecordPhotoDetailsModule */,
				F9ED5D942639F325001254EA /* PhotoboothListModule */,
				F9ED5DFE2639F6A5001254EA /* ShowPhotoDetailsModule */,
				F9D2F56C26384D83001D3C17 /* PhotoboothTests.swift */,
				F9D2F56E26384D83001D3C17 /* Info.plist */,
			);
			path = PhotoboothTests;
			sourceTree = "<group>";
		};
		F9D2F57626384D83001D3C17 /* PhotoboothUITests */ = {
			isa = PBXGroup;
			children = (
				F9D2F57726384D83001D3C17 /* PhotoboothUITests.swift */,
				F9D2F57926384D83001D3C17 /* Info.plist */,
			);
			path = PhotoboothUITests;
			sourceTree = "<group>";
		};
		F9D2F58826384D83001D3C17 /* Common */ = {
			isa = PBXGroup;
			children = (
				F9D2F5F1263907CF001D3C17 /* FileManager */,
				F9D2F5E0263907C6001D3C17 /* Database */,
				F9D2F58926384D83001D3C17 /* Interfaces */,
				F9D2F5A526384D83001D3C17 /* UI */,
			);
			name = Common;
			path = Modules/Common;
			sourceTree = "<group>";
		};
		F9D2F58926384D83001D3C17 /* Interfaces */ = {
			isa = PBXGroup;
			children = (
				F9D2F58A26384D83001D3C17 /* VIPER.swift */,
			);
			path = Interfaces;
			sourceTree = "<group>";
		};
		F9D2F58F26384D83001D3C17 /* PhotoboothHomeModule */ = {
			isa = PBXGroup;
			children = (
				F9D2F59526384D83001D3C17 /* PhotoboothHomeModule.swift */,
				F9D2F59326384D83001D3C17 /* View */,
				F9D2F59626384D83001D3C17 /* Interactor */,
				F9D2F59126384D83001D3C17 /* Presenter */,
				F9D2F59026384D83001D3C17 /* Entity */,
				F9D2F59826384D83001D3C17 /* Router */,
			);
			name = PhotoboothHomeModule;
			path = Modules/PhotoboothHomeModule;
			sourceTree = "<group>";
		};
		F9D2F59026384D83001D3C17 /* Entity */ = {
			isa = PBXGroup;
			children = (
			);
			path = Entity;
			sourceTree = "<group>";
		};
		F9D2F59126384D83001D3C17 /* Presenter */ = {
			isa = PBXGroup;
			children = (
				F9D2F59226384D83001D3C17 /* PhotoboothHomePresenter.swift */,
			);
			path = Presenter;
			sourceTree = "<group>";
		};
		F9D2F59326384D83001D3C17 /* View */ = {
			isa = PBXGroup;
			children = (
				F9D2F59426384D83001D3C17 /* PhotoboothHomeView.swift */,
			);
			path = View;
			sourceTree = "<group>";
		};
		F9D2F59626384D83001D3C17 /* Interactor */ = {
			isa = PBXGroup;
			children = (
				F9D2F59726384D83001D3C17 /* PhotoboothHomeInteractor.swift */,
			);
			path = Interactor;
			sourceTree = "<group>";
		};
		F9D2F59826384D83001D3C17 /* Router */ = {
			isa = PBXGroup;
			children = (
				F9D2F59926384D83001D3C17 /* PhotoboothHomeRouter.swift */,
			);
			path = Router;
			sourceTree = "<group>";
		};
		F9D2F5A526384D83001D3C17 /* UI */ = {
			isa = PBXGroup;
			children = (
				F9D2F5A626384D83001D3C17 /* ImagePickerView.swift */,
			);
			path = UI;
			sourceTree = "<group>";
		};
		F9D2F5AE26384D83001D3C17 /* PhotoboothHomeModule */ = {
			isa = PBXGroup;
			children = (
				F9D2F5AF26384D83001D3C17 /* PhotoboothHomePresenterTests.swift */,
				F9D2F5B026384D83001D3C17 /* PhotoboothHomeModuleTests.swift */,
				F9D2F5B126384D83001D3C17 /* PhotoboothHomeInteractorTests.swift */,
			);
			path = PhotoboothHomeModule;
			sourceTree = "<group>";
		};
		F9D2F5E0263907C6001D3C17 /* Database */ = {
			isa = PBXGroup;
			children = (
				F9D2F5E1263907C6001D3C17 /* DatabaseOperationsManager */,
				F9D2F5E4263907C6001D3C17 /* CoreDataStack */,
				F9D2F5E7263907C6001D3C17 /* Photobooth.xcdatamodeld */,
			);
			path = Database;
			sourceTree = "<group>";
		};
		F9D2F5E1263907C6001D3C17 /* DatabaseOperationsManager */ = {
			isa = PBXGroup;
			children = (
				F9D2F5E2263907C6001D3C17 /* DatabaseOperationsManagerInterface.swift */,
				F9D2F5E3263907C6001D3C17 /* DefautDatabaseOperationsManager.swift */,
			);
			path = DatabaseOperationsManager;
			sourceTree = "<group>";
		};
		F9D2F5E4263907C6001D3C17 /* CoreDataStack */ = {
			isa = PBXGroup;
			children = (
				F9D2F5E5263907C6001D3C17 /* CoreDataStack.swift */,
				F9D2F5E6263907C6001D3C17 /* CoreDataStackInterface.swift */,
			);
			path = CoreDataStack;
			sourceTree = "<group>";
		};
		F9D2F5F1263907CF001D3C17 /* FileManager */ = {
			isa = PBXGroup;
			children = (
				F9D2F5F2263907CF001D3C17 /* DefaultFileManager.swift */,
				F9D2F5F3263907CF001D3C17 /* FileManagerInterface.swift */,
			);
			path = FileManager;
			sourceTree = "<group>";
		};
		F9D2F5F926390A88001D3C17 /* RecordPhotoDetailsModule */ = {
			isa = PBXGroup;
			children = (
				F9D2F5FF26390A88001D3C17 /* RecordPhotoDetailsModule.swift */,
				F9D2F5FD26390A88001D3C17 /* View */,
				F9D2F60026390A88001D3C17 /* Interactor */,
				F9D2F5FB26390A88001D3C17 /* Presenter */,
				F9D2F5FA26390A88001D3C17 /* Entity */,
				F9D2F60226390A88001D3C17 /* Router */,
			);
			name = RecordPhotoDetailsModule;
			path = Modules/RecordPhotoDetailsModule;
			sourceTree = "<group>";
		};
		F9D2F5FA26390A88001D3C17 /* Entity */ = {
			isa = PBXGroup;
			children = (
			);
			path = Entity;
			sourceTree = "<group>";
		};
		F9D2F5FB26390A88001D3C17 /* Presenter */ = {
			isa = PBXGroup;
			children = (
				F9D2F5FC26390A88001D3C17 /* RecordPhotoDetailsPresenter.swift */,
			);
			path = Presenter;
			sourceTree = "<group>";
		};
		F9D2F5FD26390A88001D3C17 /* View */ = {
			isa = PBXGroup;
			children = (
				F9D2F5FE26390A88001D3C17 /* RecordPhotoDetailsView.swift */,
			);
			path = View;
			sourceTree = "<group>";
		};
		F9D2F60026390A88001D3C17 /* Interactor */ = {
			isa = PBXGroup;
			children = (
				F9D2F60126390A88001D3C17 /* RecordPhotoDetailsInteractor.swift */,
			);
			path = Interactor;
			sourceTree = "<group>";
		};
		F9D2F60226390A88001D3C17 /* Router */ = {
			isa = PBXGroup;
			children = (
				F9D2F60326390A88001D3C17 /* RecordPhotoDetailsRouter.swift */,
			);
			path = Router;
			sourceTree = "<group>";
		};
		F9D2F60F26390BD4001D3C17 /* Stubs */ = {
			isa = PBXGroup;
			children = (
				F9D2F61026390BD4001D3C17 /* FlileManagerStub.swift */,
				F9D2F61126390BD4001D3C17 /* TestCoreDataStack.swift */,
			);
			path = Stubs;
			sourceTree = "<group>";
		};
		F9D2F61A26390E62001D3C17 /* RecordPhotoDetailsModule */ = {
			isa = PBXGroup;
			children = (
				F9D2F61B26390E62001D3C17 /* RecordPhotoDetailsPresenterTests.swift */,
				F9D2F61C26390E62001D3C17 /* RecordPhotoDetailsModuleTests.swift */,
				F9D2F61D26390E62001D3C17 /* RecordPhotoDetailsInteractorTests.swift */,
			);
			path = RecordPhotoDetailsModule;
			sourceTree = "<group>";
		};
		F9ED5D752639C943001254EA /* PhotoListModule */ = {
			isa = PBXGroup;
			children = (
				F9ED5D7B2639C943001254EA /* PhotoListModule.swift */,
				F9ED5D762639C943001254EA /* Entity */,
				F9ED5D782639C943001254EA /* Presenter */,
				F9ED5D7C2639C943001254EA /* View */,
				F9ED5D7F2639C943001254EA /* Interactor */,
				F9ED5D812639C943001254EA /* Router */,
			);
			name = PhotoListModule;
			path = Modules/PhotoListModule;
			sourceTree = "<group>";
		};
		F9ED5D762639C943001254EA /* Entity */ = {
			isa = PBXGroup;
			children = (
				F9ED5D772639C943001254EA /* PhotoListDisplayItem.swift */,
			);
			path = Entity;
			sourceTree = "<group>";
		};
		F9ED5D782639C943001254EA /* Presenter */ = {
			isa = PBXGroup;
			children = (
				F9ED5D792639C943001254EA /* PhotoListViewModel.swift */,
				F9ED5D7A2639C943001254EA /* PhotoListViewPresenter.swift */,
			);
			path = Presenter;
			sourceTree = "<group>";
		};
		F9ED5D7C2639C943001254EA /* View */ = {
			isa = PBXGroup;
			children = (
				F9ED5D7D2639C943001254EA /* PhotoListItemView.swift */,
				F9ED5D7E2639C943001254EA /* PhotoListView.swift */,
			);
			path = View;
			sourceTree = "<group>";
		};
		F9ED5D7F2639C943001254EA /* Interactor */ = {
			isa = PBXGroup;
			children = (
				F9ED5D802639C943001254EA /* PhotoListViewInteractor.swift */,
			);
			path = Interactor;
			sourceTree = "<group>";
		};
		F9ED5D812639C943001254EA /* Router */ = {
			isa = PBXGroup;
			children = (
				F9ED5D822639C943001254EA /* PhotoListViewRouter.swift */,
			);
			path = Router;
			sourceTree = "<group>";
		};
		F9ED5D942639F325001254EA /* PhotoboothListModule */ = {
			isa = PBXGroup;
			children = (
				F9ED5D952639F325001254EA /* PhotoListModuleTests.swift */,
				F9ED5D962639F325001254EA /* PhotoListPresenterTests.swift */,
				F9ED5D972639F325001254EA /* PhotoListInteractorTests.swift */,
			);
			path = PhotoboothListModule;
			sourceTree = "<group>";
		};
		F9ED5DC12639F4F8001254EA /* ShowPhotoDetailsModule */ = {
			isa = PBXGroup;
			children = (
				F9ED5DC22639F4F8001254EA /* ShowPhotoDetailsModule.swift */,
				F9ED5DC32639F4F8001254EA /* Entity */,
				F9ED5DC52639F4F8001254EA /* Presenter */,
				F9ED5DC82639F4F8001254EA /* View */,
				F9ED5DCA2639F4F8001254EA /* Interactor */,
				F9ED5DCC2639F4F8001254EA /* Router */,
			);
			name = ShowPhotoDetailsModule;
			path = Modules/ShowPhotoDetailsModule;
			sourceTree = "<group>";
		};
		F9ED5DC32639F4F8001254EA /* Entity */ = {
			isa = PBXGroup;
			children = (
				F9ED5DC42639F4F8001254EA /* PhotoDetailsDisplayItem.swift */,
			);
			path = Entity;
			sourceTree = "<group>";
		};
		F9ED5DC52639F4F8001254EA /* Presenter */ = {
			isa = PBXGroup;
			children = (
				F9ED5DC62639F4F8001254EA /* ShowPhotoDetailsPresenter.swift */,
				F9ED5DC72639F4F8001254EA /* ShowPhotoDetailsViewModel.swift */,
			);
			path = Presenter;
			sourceTree = "<group>";
		};
		F9ED5DC82639F4F8001254EA /* View */ = {
			isa = PBXGroup;
			children = (
				F9ED5DC92639F4F8001254EA /* ShowPhotoDetailsView.swift */,
			);
			path = View;
			sourceTree = "<group>";
		};
		F9ED5DCA2639F4F8001254EA /* Interactor */ = {
			isa = PBXGroup;
			children = (
				F9ED5DCB2639F4F8001254EA /* ShowPhotoDetailsInteractor.swift */,
			);
			path = Interactor;
			sourceTree = "<group>";
		};
		F9ED5DCC2639F4F8001254EA /* Router */ = {
			isa = PBXGroup;
			children = (
				F9ED5DCD2639F4F8001254EA /* ShowPhotoDetailsRouter.swift */,
			);
			path = Router;
			sourceTree = "<group>";
		};
		F9ED5DD82639F5EB001254EA /* Common */ = {
			isa = PBXGroup;
			children = (
				F9ED5DD92639F5EB001254EA /* FileManagerTests.swift */,
			);
			path = Common;
			sourceTree = "<group>";
		};
		F9ED5DFE2639F6A5001254EA /* ShowPhotoDetailsModule */ = {
			isa = PBXGroup;
			children = (
				F9ED5DFF2639F6CC001254EA /* ShowPhotoDetailsModuleTests.swift */,
				F9ED5E042639F6E2001254EA /* ShowPhotoDetailsPresenterTests.swift */,
				F9ED5E092639F6F6001254EA /* ShowPhotoDetailsInteractorTests.swift */,
			);
			path = ShowPhotoDetailsModule;
			sourceTree = "<group>";
		};
/* End PBXGroup section */

/* Begin PBXNativeTarget section */
		F9D2F55126384D83001D3C17 /* Photobooth */ = {
			isa = PBXNativeTarget;
			buildConfigurationList = F9D2F57C26384D83001D3C17 /* Build configuration list for PBXNativeTarget "Photobooth" */;
			buildPhases = (
				F9D2F54E26384D83001D3C17 /* Sources */,
				F9D2F54F26384D83001D3C17 /* Frameworks */,
				F9D2F55026384D83001D3C17 /* Resources */,
			);
			buildRules = (
			);
			dependencies = (
			);
			name = Photobooth;
			productName = Photobooth;
			productReference = F9D2F55226384D83001D3C17 /* Photobooth.app */;
			productType = "com.apple.product-type.application";
		};
		F9D2F56726384D83001D3C17 /* PhotoboothTests */ = {
			isa = PBXNativeTarget;
			buildConfigurationList = F9D2F57F26384D83001D3C17 /* Build configuration list for PBXNativeTarget "PhotoboothTests" */;
			buildPhases = (
				F9D2F56426384D83001D3C17 /* Sources */,
				F9D2F56526384D83001D3C17 /* Frameworks */,
				F9D2F56626384D83001D3C17 /* Resources */,
			);
			buildRules = (
			);
			dependencies = (
				F9D2F56A26384D83001D3C17 /* PBXTargetDependency */,
			);
			name = PhotoboothTests;
			productName = PhotoboothTests;
			productReference = F9D2F56826384D83001D3C17 /* PhotoboothTests.xctest */;
			productType = "com.apple.product-type.bundle.unit-test";
		};
		F9D2F57226384D83001D3C17 /* PhotoboothUITests */ = {
			isa = PBXNativeTarget;
			buildConfigurationList = F9D2F58226384D83001D3C17 /* Build configuration list for PBXNativeTarget "PhotoboothUITests" */;
			buildPhases = (
				F9D2F56F26384D83001D3C17 /* Sources */,
				F9D2F57026384D83001D3C17 /* Frameworks */,
				F9D2F57126384D83001D3C17 /* Resources */,
			);
			buildRules = (
			);
			dependencies = (
				F9D2F57526384D83001D3C17 /* PBXTargetDependency */,
			);
			name = PhotoboothUITests;
			productName = PhotoboothUITests;
			productReference = F9D2F57326384D83001D3C17 /* PhotoboothUITests.xctest */;
			productType = "com.apple.product-type.bundle.ui-testing";
		};
/* End PBXNativeTarget section */

/* Begin PBXProject section */
		F9D2F54A26384D83001D3C17 /* Project object */ = {
			isa = PBXProject;
			attributes = {
				LastSwiftUpdateCheck = 1200;
				LastUpgradeCheck = 1200;
				TargetAttributes = {
					F9D2F55126384D83001D3C17 = {
						CreatedOnToolsVersion = 12.0;
					};
					F9D2F56726384D83001D3C17 = {
						CreatedOnToolsVersion = 12.0;
					};
					F9D2F57226384D83001D3C17 = {
						CreatedOnToolsVersion = 12.0;
						TestTargetID = F9D2F55126384D83001D3C17;
					};
				};
			};
			buildConfigurationList = F9D2F54D26384D83001D3C17 /* Build configuration list for PBXProject "Photobooth" */;
			compatibilityVersion = "Xcode 9.3";
			developmentRegion = en;
			hasScannedForEncodings = 0;
			knownRegions = (
				en,
				Base,
			);
			mainGroup = F9D2F54926384D83001D3C17;
			productRefGroup = F9D2F55326384D83001D3C17 /* Products */;
			projectDirPath = "";
			projectRoot = "";
			targets = (
				F9D2F55126384D83001D3C17 /* Photobooth */,
				F9D2F56726384D83001D3C17 /* PhotoboothTests */,
				F9D2F57226384D83001D3C17 /* PhotoboothUITests */,
			);
		};
/* End PBXProject section */

/* Begin PBXResourcesBuildPhase section */
		F9D2F55026384D83001D3C17 /* Resources */ = {
			isa = PBXResourcesBuildPhase;
			buildActionMask = 2147483647;
			files = (
				F9D2F56226384D83001D3C17 /* LaunchScreen.storyboard in Resources */,
				F9D2F55F26384D83001D3C17 /* Preview Assets.xcassets in Resources */,
				F9D2F55C26384D83001D3C17 /* Assets.xcassets in Resources */,
			);
			runOnlyForDeploymentPostprocessing = 0;
		};
		F9D2F56626384D83001D3C17 /* Resources */ = {
			isa = PBXResourcesBuildPhase;
			buildActionMask = 2147483647;
			files = (
			);
			runOnlyForDeploymentPostprocessing = 0;
		};
		F9D2F57126384D83001D3C17 /* Resources */ = {
			isa = PBXResourcesBuildPhase;
			buildActionMask = 2147483647;
			files = (
			);
			runOnlyForDeploymentPostprocessing = 0;
		};
/* End PBXResourcesBuildPhase section */

/* Begin PBXSourcesBuildPhase section */
		F9D2F54E26384D83001D3C17 /* Sources */ = {
			isa = PBXSourcesBuildPhase;
			buildActionMask = 2147483647;
			files = (
				F9D2F58B26384D83001D3C17 /* VIPER.swift in Sources */,
				F9D2F5EC263907C6001D3C17 /* CoreDataStackInterface.swift in Sources */,
				F9ED5DD22639F4F8001254EA /* ShowPhotoDetailsView.swift in Sources */,
				F9ED5D862639C943001254EA /* PhotoListModule.swift in Sources */,
				F9ED5D882639C943001254EA /* PhotoListView.swift in Sources */,
				F9D2F5ED263907C6001D3C17 /* Photobooth.xcdatamodeld in Sources */,
				F9ED5D852639C943001254EA /* PhotoListViewPresenter.swift in Sources */,
				F9ED5D892639C943001254EA /* PhotoListViewInteractor.swift in Sources */,
				F9ED5DD12639F4F8001254EA /* ShowPhotoDetailsViewModel.swift in Sources */,
				F9D2F60826390A88001D3C17 /* RecordPhotoDetailsRouter.swift in Sources */,
				F9D2F5F5263907CF001D3C17 /* FileManagerInterface.swift in Sources */,
				F9D2F5F4263907CF001D3C17 /* DefaultFileManager.swift in Sources */,
				F9ED5D8A2639C943001254EA /* PhotoListViewRouter.swift in Sources */,
				F9D2F60426390A88001D3C17 /* RecordPhotoDetailsPresenter.swift in Sources */,
				F9D2F5EA263907C6001D3C17 /* DefautDatabaseOperationsManager.swift in Sources */,
				F9ED5DCF2639F4F8001254EA /* PhotoDetailsDisplayItem.swift in Sources */,
				F9ED5DCE2639F4F8001254EA /* ShowPhotoDetailsModule.swift in Sources */,
				F9D2F59A26384D83001D3C17 /* PhotoboothHomePresenter.swift in Sources */,
				F9ED5DD32639F4F8001254EA /* ShowPhotoDetailsInteractor.swift in Sources */,
				F9ED5D832639C943001254EA /* PhotoListDisplayItem.swift in Sources */,
				F9D2F55626384D83001D3C17 /* AppDelegate.swift in Sources */,
				F9D2F59D26384D83001D3C17 /* PhotoboothHomeInteractor.swift in Sources */,
				F9D2F5A726384D83001D3C17 /* ImagePickerView.swift in Sources */,
				F9ED5DD02639F4F8001254EA /* ShowPhotoDetailsPresenter.swift in Sources */,
				F9ED5D872639C943001254EA /* PhotoListItemView.swift in Sources */,
				F9ED5D842639C943001254EA /* PhotoListViewModel.swift in Sources */,
				F9D2F5EB263907C6001D3C17 /* CoreDataStack.swift in Sources */,
				F9D2F55826384D83001D3C17 /* SceneDelegate.swift in Sources */,
				F9D2F55A26384D83001D3C17 /* ContentView.swift in Sources */,
				F9D2F59C26384D83001D3C17 /* PhotoboothHomeModule.swift in Sources */,
				F9D2F59E26384D83001D3C17 /* PhotoboothHomeRouter.swift in Sources */,
				F9D2F5E9263907C6001D3C17 /* DatabaseOperationsManagerInterface.swift in Sources */,
				F9D2F59B26384D83001D3C17 /* PhotoboothHomeView.swift in Sources */,
				F9ED5DD42639F4F8001254EA /* ShowPhotoDetailsRouter.swift in Sources */,
				F9D2F60626390A88001D3C17 /* RecordPhotoDetailsModule.swift in Sources */,
				F9D2F60726390A88001D3C17 /* RecordPhotoDetailsInteractor.swift in Sources */,
				F9D2F60526390A88001D3C17 /* RecordPhotoDetailsView.swift in Sources */,
			);
			runOnlyForDeploymentPostprocessing = 0;
		};
		F9D2F56426384D83001D3C17 /* Sources */ = {
			isa = PBXSourcesBuildPhase;
			buildActionMask = 2147483647;
			files = (
				F9D2F61326390BD4001D3C17 /* TestCoreDataStack.swift in Sources */,
				F9ED5E0A2639F6F6001254EA /* ShowPhotoDetailsInteractorTests.swift in Sources */,
				F9D2F61E26390E62001D3C17 /* RecordPhotoDetailsPresenterTests.swift in Sources */,
				F9D2F63726390E7B001D3C17 /* RecordPhotoDetailsRouter.swift in Sources */,
				F9ED5DAA2639F38D001254EA /* PhotoListViewPresenter.swift in Sources */,
				F9D2F62A26390E6F001D3C17 /* RecordPhotoDetailsModule.swift in Sources */,
				F9D2F61F26390E62001D3C17 /* RecordPhotoDetailsModuleTests.swift in Sources */,
				F9ED5DAE2639F392001254EA /* PhotoListItemView.swift in Sources */,
				F9D2F64F26390E9D001D3C17 /* CoreDataStackInterface.swift in Sources */,
				F9D2F5BE26384D83001D3C17 /* VIPER.swift in Sources */,
				F9D2F63126390E73001D3C17 /* RecordPhotoDetailsView.swift in Sources */,
				F9D2F5CF26384D83001D3C17 /* PhotoboothHomePresenter.swift in Sources */,
				F9D2F5B326384D83001D3C17 /* PhotoboothHomeModuleTests.swift in Sources */,
				F9ED5D9A2639F325001254EA /* PhotoListInteractorTests.swift in Sources */,
				F9D2F56D26384D83001D3C17 /* PhotoboothTests.swift in Sources */,
				F9ED5D992639F325001254EA /* PhotoListPresenterTests.swift in Sources */,
				F9D2F5B226384D83001D3C17 /* PhotoboothHomePresenterTests.swift in Sources */,
				F9ED5DBA2639F39F001254EA /* PhotoListViewRouter.swift in Sources */,
				F9D2F5CB26384D83001D3C17 /* PhotoboothHomeInteractor.swift in Sources */,
				F9D2F61226390BD4001D3C17 /* FlileManagerStub.swift in Sources */,
				F9ED5D982639F325001254EA /* PhotoListModuleTests.swift in Sources */,
				F9D2F63B26390E82001D3C17 /* DefaultFileManager.swift in Sources */,
				F9D2F5BF26384D83001D3C17 /* ImagePickerView.swift in Sources */,
				F9D2F5C726384D83001D3C17 /* PhotoboothHomeView.swift in Sources */,
				F9D2F64726390E94001D3C17 /* DefautDatabaseOperationsManager.swift in Sources */,
				F9D2F64326390E8C001D3C17 /* DatabaseOperationsManagerInterface.swift in Sources */,
				F9D2F5D326384D83001D3C17 /* PhotoboothHomeRouter.swift in Sources */,
				F9D2F64B26390E9A001D3C17 /* CoreDataStack.swift in Sources */,
				F9D2F65326390EB3001D3C17 /* Photobooth.xcdatamodeld in Sources */,
				F9D2F63626390E7B001D3C17 /* RecordPhotoDetailsInteractor.swift in Sources */,
				F9D2F5C326384D83001D3C17 /* PhotoboothHomeModule.swift in Sources */,
				F9ED5DA62639F389001254EA /* PhotoListViewModel.swift in Sources */,
				F9ED5DE22639F60B001254EA /* PhotoDetailsDisplayItem.swift in Sources */,
				F9ED5DF62639F624001254EA /* ShowPhotoDetailsRouter.swift in Sources */,
				F9ED5E052639F6E2001254EA /* ShowPhotoDetailsPresenterTests.swift in Sources */,
				F9ED5DF22639F61F001254EA /* ShowPhotoDetailsInteractor.swift in Sources */,
				F9ED5E002639F6CC001254EA /* ShowPhotoDetailsModuleTests.swift in Sources */,
				F9ED5DEE2639F61B001254EA /* ShowPhotoDetailsView.swift in Sources */,
				F9ED5DDA2639F5EB001254EA /* FileManagerTests.swift in Sources */,
				F9ED5DB62639F39A001254EA /* PhotoListViewInteractor.swift in Sources */,
				F9ED5DB22639F395001254EA /* PhotoListView.swift in Sources */,
				F9D2F63526390E7B001D3C17 /* RecordPhotoDetailsPresenter.swift in Sources */,
				F9ED5DA12639F380001254EA /* PhotoListModule.swift in Sources */,
				F9D2F63F26390E85001D3C17 /* FileManagerInterface.swift in Sources */,
				F9ED5DE12639F601001254EA /* ShowPhotoDetailsModule.swift in Sources */,
				F9ED5DEA2639F614001254EA /* ShowPhotoDetailsViewModel.swift in Sources */,
				F9D2F5B426384D83001D3C17 /* PhotoboothHomeInteractorTests.swift in Sources */,
				F9D2F62026390E62001D3C17 /* RecordPhotoDetailsInteractorTests.swift in Sources */,
				F9ED5DA22639F385001254EA /* PhotoListDisplayItem.swift in Sources */,
				F9ED5DE62639F610001254EA /* ShowPhotoDetailsPresenter.swift in Sources */,
			);
			runOnlyForDeploymentPostprocessing = 0;
		};
		F9D2F56F26384D83001D3C17 /* Sources */ = {
			isa = PBXSourcesBuildPhase;
			buildActionMask = 2147483647;
			files = (
				F9D2F57826384D83001D3C17 /* PhotoboothUITests.swift in Sources */,
			);
			runOnlyForDeploymentPostprocessing = 0;
		};
/* End PBXSourcesBuildPhase section */

/* Begin PBXTargetDependency section */
		F9D2F56A26384D83001D3C17 /* PBXTargetDependency */ = {
			isa = PBXTargetDependency;
			target = F9D2F55126384D83001D3C17 /* Photobooth */;
			targetProxy = F9D2F56926384D83001D3C17 /* PBXContainerItemProxy */;
		};
		F9D2F57526384D83001D3C17 /* PBXTargetDependency */ = {
			isa = PBXTargetDependency;
			target = F9D2F55126384D83001D3C17 /* Photobooth */;
			targetProxy = F9D2F57426384D83001D3C17 /* PBXContainerItemProxy */;
		};
/* End PBXTargetDependency section */

/* Begin PBXVariantGroup section */
		F9D2F56026384D83001D3C17 /* LaunchScreen.storyboard */ = {
			isa = PBXVariantGroup;
			children = (
				F9D2F56126384D83001D3C17 /* Base */,
			);
			name = LaunchScreen.storyboard;
			sourceTree = "<group>";
		};
/* End PBXVariantGroup section */

/* Begin XCBuildConfiguration section */
		F9D2F57A26384D83001D3C17 /* Debug */ = {
			isa = XCBuildConfiguration;
			buildSettings = {
				ALWAYS_SEARCH_USER_PATHS = NO;
				CLANG_ANALYZER_NONNULL = YES;
				CLANG_ANALYZER_NUMBER_OBJECT_CONVERSION = YES_AGGRESSIVE;
				CLANG_CXX_LANGUAGE_STANDARD = "gnu++14";
				CLANG_CXX_LIBRARY = "libc++";
				CLANG_ENABLE_MODULES = YES;
				CLANG_ENABLE_OBJC_ARC = YES;
				CLANG_ENABLE_OBJC_WEAK = YES;
				CLANG_WARN_BLOCK_CAPTURE_AUTORELEASING = YES;
				CLANG_WARN_BOOL_CONVERSION = YES;
				CLANG_WARN_COMMA = YES;
				CLANG_WARN_CONSTANT_CONVERSION = YES;
				CLANG_WARN_DEPRECATED_OBJC_IMPLEMENTATIONS = YES;
				CLANG_WARN_DIRECT_OBJC_ISA_USAGE = YES_ERROR;
				CLANG_WARN_DOCUMENTATION_COMMENTS = YES;
				CLANG_WARN_EMPTY_BODY = YES;
				CLANG_WARN_ENUM_CONVERSION = YES;
				CLANG_WARN_INFINITE_RECURSION = YES;
				CLANG_WARN_INT_CONVERSION = YES;
				CLANG_WARN_NON_LITERAL_NULL_CONVERSION = YES;
				CLANG_WARN_OBJC_IMPLICIT_RETAIN_SELF = YES;
				CLANG_WARN_OBJC_LITERAL_CONVERSION = YES;
				CLANG_WARN_OBJC_ROOT_CLASS = YES_ERROR;
				CLANG_WARN_QUOTED_INCLUDE_IN_FRAMEWORK_HEADER = YES;
				CLANG_WARN_RANGE_LOOP_ANALYSIS = YES;
				CLANG_WARN_STRICT_PROTOTYPES = YES;
				CLANG_WARN_SUSPICIOUS_MOVE = YES;
				CLANG_WARN_UNGUARDED_AVAILABILITY = YES_AGGRESSIVE;
				CLANG_WARN_UNREACHABLE_CODE = YES;
				CLANG_WARN__DUPLICATE_METHOD_MATCH = YES;
				COPY_PHASE_STRIP = NO;
				DEBUG_INFORMATION_FORMAT = dwarf;
				ENABLE_STRICT_OBJC_MSGSEND = YES;
				ENABLE_TESTABILITY = YES;
				GCC_C_LANGUAGE_STANDARD = gnu11;
				GCC_DYNAMIC_NO_PIC = NO;
				GCC_NO_COMMON_BLOCKS = YES;
				GCC_OPTIMIZATION_LEVEL = 0;
				GCC_PREPROCESSOR_DEFINITIONS = (
					"DEBUG=1",
					"$(inherited)",
				);
				GCC_WARN_64_TO_32_BIT_CONVERSION = YES;
				GCC_WARN_ABOUT_RETURN_TYPE = YES_ERROR;
				GCC_WARN_UNDECLARED_SELECTOR = YES;
				GCC_WARN_UNINITIALIZED_AUTOS = YES_AGGRESSIVE;
				GCC_WARN_UNUSED_FUNCTION = YES;
				GCC_WARN_UNUSED_VARIABLE = YES;
				IPHONEOS_DEPLOYMENT_TARGET = 14.0;
				MTL_ENABLE_DEBUG_INFO = INCLUDE_SOURCE;
				MTL_FAST_MATH = YES;
				ONLY_ACTIVE_ARCH = YES;
				SDKROOT = iphoneos;
				SWIFT_ACTIVE_COMPILATION_CONDITIONS = DEBUG;
				SWIFT_OPTIMIZATION_LEVEL = "-Onone";
			};
			name = Debug;
		};
		F9D2F57B26384D83001D3C17 /* Release */ = {
			isa = XCBuildConfiguration;
			buildSettings = {
				ALWAYS_SEARCH_USER_PATHS = NO;
				CLANG_ANALYZER_NONNULL = YES;
				CLANG_ANALYZER_NUMBER_OBJECT_CONVERSION = YES_AGGRESSIVE;
				CLANG_CXX_LANGUAGE_STANDARD = "gnu++14";
				CLANG_CXX_LIBRARY = "libc++";
				CLANG_ENABLE_MODULES = YES;
				CLANG_ENABLE_OBJC_ARC = YES;
				CLANG_ENABLE_OBJC_WEAK = YES;
				CLANG_WARN_BLOCK_CAPTURE_AUTORELEASING = YES;
				CLANG_WARN_BOOL_CONVERSION = YES;
				CLANG_WARN_COMMA = YES;
				CLANG_WARN_CONSTANT_CONVERSION = YES;
				CLANG_WARN_DEPRECATED_OBJC_IMPLEMENTATIONS = YES;
				CLANG_WARN_DIRECT_OBJC_ISA_USAGE = YES_ERROR;
				CLANG_WARN_DOCUMENTATION_COMMENTS = YES;
				CLANG_WARN_EMPTY_BODY = YES;
				CLANG_WARN_ENUM_CONVERSION = YES;
				CLANG_WARN_INFINITE_RECURSION = YES;
				CLANG_WARN_INT_CONVERSION = YES;
				CLANG_WARN_NON_LITERAL_NULL_CONVERSION = YES;
				CLANG_WARN_OBJC_IMPLICIT_RETAIN_SELF = YES;
				CLANG_WARN_OBJC_LITERAL_CONVERSION = YES;
				CLANG_WARN_OBJC_ROOT_CLASS = YES_ERROR;
				CLANG_WARN_QUOTED_INCLUDE_IN_FRAMEWORK_HEADER = YES;
				CLANG_WARN_RANGE_LOOP_ANALYSIS = YES;
				CLANG_WARN_STRICT_PROTOTYPES = YES;
				CLANG_WARN_SUSPICIOUS_MOVE = YES;
				CLANG_WARN_UNGUARDED_AVAILABILITY = YES_AGGRESSIVE;
				CLANG_WARN_UNREACHABLE_CODE = YES;
				CLANG_WARN__DUPLICATE_METHOD_MATCH = YES;
				COPY_PHASE_STRIP = NO;
				DEBUG_INFORMATION_FORMAT = "dwarf-with-dsym";
				ENABLE_NS_ASSERTIONS = NO;
				ENABLE_STRICT_OBJC_MSGSEND = YES;
				GCC_C_LANGUAGE_STANDARD = gnu11;
				GCC_NO_COMMON_BLOCKS = YES;
				GCC_WARN_64_TO_32_BIT_CONVERSION = YES;
				GCC_WARN_ABOUT_RETURN_TYPE = YES_ERROR;
				GCC_WARN_UNDECLARED_SELECTOR = YES;
				GCC_WARN_UNINITIALIZED_AUTOS = YES_AGGRESSIVE;
				GCC_WARN_UNUSED_FUNCTION = YES;
				GCC_WARN_UNUSED_VARIABLE = YES;
				IPHONEOS_DEPLOYMENT_TARGET = 14.0;
				MTL_ENABLE_DEBUG_INFO = NO;
				MTL_FAST_MATH = YES;
				SDKROOT = iphoneos;
				SWIFT_COMPILATION_MODE = wholemodule;
				SWIFT_OPTIMIZATION_LEVEL = "-O";
				VALIDATE_PRODUCT = YES;
			};
			name = Release;
		};
		F9D2F57D26384D83001D3C17 /* Debug */ = {
			isa = XCBuildConfiguration;
			buildSettings = {
				ASSETCATALOG_COMPILER_APPICON_NAME = AppIcon;
				ASSETCATALOG_COMPILER_GLOBAL_ACCENT_COLOR_NAME = AccentColor;
				CODE_SIGN_STYLE = Automatic;
				DEVELOPMENT_ASSET_PATHS = "\"Photobooth/Preview Content\"";
				ENABLE_PREVIEWS = YES;
				INFOPLIST_FILE = Photobooth/Info.plist;
				LD_RUNPATH_SEARCH_PATHS = (
					"$(inherited)",
					"@executable_path/Frameworks",
				);
				PRODUCT_BUNDLE_IDENTIFIER = murtuza.Photobooth;
				PRODUCT_NAME = "$(TARGET_NAME)";
				SWIFT_VERSION = 5.0;
				TARGETED_DEVICE_FAMILY = "1,2";
			};
			name = Debug;
		};
		F9D2F57E26384D83001D3C17 /* Release */ = {
			isa = XCBuildConfiguration;
			buildSettings = {
				ASSETCATALOG_COMPILER_APPICON_NAME = AppIcon;
				ASSETCATALOG_COMPILER_GLOBAL_ACCENT_COLOR_NAME = AccentColor;
				CODE_SIGN_STYLE = Automatic;
				DEVELOPMENT_ASSET_PATHS = "\"Photobooth/Preview Content\"";
				ENABLE_PREVIEWS = YES;
				INFOPLIST_FILE = Photobooth/Info.plist;
				LD_RUNPATH_SEARCH_PATHS = (
					"$(inherited)",
					"@executable_path/Frameworks",
				);
				PRODUCT_BUNDLE_IDENTIFIER = murtuza.Photobooth;
				PRODUCT_NAME = "$(TARGET_NAME)";
				SWIFT_VERSION = 5.0;
				TARGETED_DEVICE_FAMILY = "1,2";
			};
			name = Release;
		};
		F9D2F58026384D83001D3C17 /* Debug */ = {
			isa = XCBuildConfiguration;
			buildSettings = {
				ALWAYS_EMBED_SWIFT_STANDARD_LIBRARIES = YES;
				CODE_SIGN_STYLE = Automatic;
				INFOPLIST_FILE = PhotoboothTests/Info.plist;
				IPHONEOS_DEPLOYMENT_TARGET = 14.0;
				LD_RUNPATH_SEARCH_PATHS = (
					"$(inherited)",
					"@executable_path/Frameworks",
					"@loader_path/Frameworks",
				);
				PRODUCT_BUNDLE_IDENTIFIER = murtuza.PhotoboothTests;
				PRODUCT_NAME = "$(TARGET_NAME)";
				SWIFT_VERSION = 5.0;
				TARGETED_DEVICE_FAMILY = "1,2";
			};
			name = Debug;
		};
		F9D2F58126384D83001D3C17 /* Release */ = {
			isa = XCBuildConfiguration;
			buildSettings = {
				ALWAYS_EMBED_SWIFT_STANDARD_LIBRARIES = YES;
				CODE_SIGN_STYLE = Automatic;
				INFOPLIST_FILE = PhotoboothTests/Info.plist;
				IPHONEOS_DEPLOYMENT_TARGET = 14.0;
				LD_RUNPATH_SEARCH_PATHS = (
					"$(inherited)",
					"@executable_path/Frameworks",
					"@loader_path/Frameworks",
				);
				PRODUCT_BUNDLE_IDENTIFIER = murtuza.PhotoboothTests;
				PRODUCT_NAME = "$(TARGET_NAME)";
				SWIFT_VERSION = 5.0;
				TARGETED_DEVICE_FAMILY = "1,2";
			};
			name = Release;
		};
		F9D2F58326384D83001D3C17 /* Debug */ = {
			isa = XCBuildConfiguration;
			buildSettings = {
				ALWAYS_EMBED_SWIFT_STANDARD_LIBRARIES = YES;
				CODE_SIGN_STYLE = Automatic;
				INFOPLIST_FILE = PhotoboothUITests/Info.plist;
				LD_RUNPATH_SEARCH_PATHS = (
					"$(inherited)",
					"@executable_path/Frameworks",
					"@loader_path/Frameworks",
				);
				PRODUCT_BUNDLE_IDENTIFIER = murtuza.PhotoboothUITests;
				PRODUCT_NAME = "$(TARGET_NAME)";
				SWIFT_VERSION = 5.0;
				TARGETED_DEVICE_FAMILY = "1,2";
				TEST_TARGET_NAME = Photobooth;
			};
			name = Debug;
		};
		F9D2F58426384D83001D3C17 /* Release */ = {
			isa = XCBuildConfiguration;
			buildSettings = {
				ALWAYS_EMBED_SWIFT_STANDARD_LIBRARIES = YES;
				CODE_SIGN_STYLE = Automatic;
				INFOPLIST_FILE = PhotoboothUITests/Info.plist;
				LD_RUNPATH_SEARCH_PATHS = (
					"$(inherited)",
					"@executable_path/Frameworks",
					"@loader_path/Frameworks",
				);
				PRODUCT_BUNDLE_IDENTIFIER = murtuza.PhotoboothUITests;
				PRODUCT_NAME = "$(TARGET_NAME)";
				SWIFT_VERSION = 5.0;
				TARGETED_DEVICE_FAMILY = "1,2";
				TEST_TARGET_NAME = Photobooth;
			};
			name = Release;
		};
/* End XCBuildConfiguration section */

/* Begin XCConfigurationList section */
		F9D2F54D26384D83001D3C17 /* Build configuration list for PBXProject "Photobooth" */ = {
			isa = XCConfigurationList;
			buildConfigurations = (
				F9D2F57A26384D83001D3C17 /* Debug */,
				F9D2F57B26384D83001D3C17 /* Release */,
			);
			defaultConfigurationIsVisible = 0;
			defaultConfigurationName = Release;
		};
		F9D2F57C26384D83001D3C17 /* Build configuration list for PBXNativeTarget "Photobooth" */ = {
			isa = XCConfigurationList;
			buildConfigurations = (
				F9D2F57D26384D83001D3C17 /* Debug */,
				F9D2F57E26384D83001D3C17 /* Release */,
			);
			defaultConfigurationIsVisible = 0;
			defaultConfigurationName = Release;
		};
		F9D2F57F26384D83001D3C17 /* Build configuration list for PBXNativeTarget "PhotoboothTests" */ = {
			isa = XCConfigurationList;
			buildConfigurations = (
				F9D2F58026384D83001D3C17 /* Debug */,
				F9D2F58126384D83001D3C17 /* Release */,
			);
			defaultConfigurationIsVisible = 0;
			defaultConfigurationName = Release;
		};
		F9D2F58226384D83001D3C17 /* Build configuration list for PBXNativeTarget "PhotoboothUITests" */ = {
			isa = XCConfigurationList;
			buildConfigurations = (
				F9D2F58326384D83001D3C17 /* Debug */,
				F9D2F58426384D83001D3C17 /* Release */,
			);
			defaultConfigurationIsVisible = 0;
			defaultConfigurationName = Release;
		};
/* End XCConfigurationList section */

/* Begin XCVersionGroup section */
		F9D2F5E7263907C6001D3C17 /* Photobooth.xcdatamodeld */ = {
			isa = XCVersionGroup;
			children = (
				F9D2F5E8263907C6001D3C17 /* Photobooth.xcdatamodel */,
			);
			currentVersion = F9D2F5E8263907C6001D3C17 /* Photobooth.xcdatamodel */;
			path = Photobooth.xcdatamodeld;
			sourceTree = "<group>";
			versionGroupType = wrapper.xcdatamodel;
		};
/* End XCVersionGroup section */
	};
	rootObject = F9D2F54A26384D83001D3C17 /* Project object */;
}
